
Microsoft Visual Studio Solution File, Format Version 12.00
# Visual Studio Version 17
VisualStudioVersion = 17.6.33712.159
MinimumVisualStudioVersion = 10.0.40219.1
Project("{9A19103F-16F7-4668-BE54-9A1E7A4F7556}") = "TruyenHakuAPI", "WebAPI\TruyenHakuAPI.csproj", "{9C897821-A35A-4EA9-863F-138851A117E5}"
EndProject
Project("{9A19103F-16F7-4668-BE54-9A1E7A4F7556}") = "TruyenHakuModels", "WebModels\TruyenHakuModels.csproj", "{8D3BC85F-640E-443D-9351-448BC21C8876}"
EndProject
Project("{9A19103F-16F7-4668-BE54-9A1E7A4F7556}") = "TruyenHakuBusiness", "WebBusiness\TruyenHakuBusiness.csproj", "{3650CAAF-111D-4E4E-9F1E-8CDDFD346B8D}"
EndProject
Project("{9A19103F-16F7-4668-BE54-9A1E7A4F7556}") = "TruyenHakuCommon", "WebCommon\TruyenHakuCommon.csproj", "{97345E3D-CA22-4848-AD99-D1C494F55F5B}"
EndProject
Global
	GlobalSection(SolutionConfigurationPlatforms) = preSolution
		Debug|Any CPU = Debug|Any CPU
		Release|Any CPU = Release|Any CPU
	EndGlobalSection
	GlobalSection(ProjectConfigurationPlatforms) = postSolution
		{9C897821-A35A-4EA9-863F-138851A117E5}.Debug|Any CPU.ActiveCfg = Debug|Any CPU
		{9C897821-A35A-4EA9-863F-138851A117E5}.Debug|Any CPU.Build.0 = Debug|Any CPU
		{9C897821-A35A-4EA9-863F-138851A117E5}.Release|Any CPU.ActiveCfg = Release|Any CPU
		{9C897821-A35A-4EA9-863F-138851A117E5}.Release|Any CPU.Build.0 = Release|Any CPU
		{8D3BC85F-640E-443D-9351-448BC21C8876}.Debug|Any CPU.ActiveCfg = Debug|Any CPU
		{8D3BC85F-640E-443D-9351-448BC21C8876}.Debug|Any CPU.Build.0 = Debug|Any CPU
		{8D3BC85F-640E-443D-9351-448BC21C8876}.Release|Any CPU.ActiveCfg = Release|Any CPU
		{8D3BC85F-640E-443D-9351-448BC21C8876}.Release|Any CPU.Build.0 = Release|Any CPU
		{3650CAAF-111D-4E4E-9F1E-8CDDFD346B8D}.Debug|Any CPU.ActiveCfg = Debug|Any CPU
		{3650CAAF-111D-4E4E-9F1E-8CDDFD346B8D}.Debug|Any CPU.Build.0 = Debug|Any CPU
		{3650CAAF-111D-4E4E-9F1E-8CDDFD346B8D}.Release|Any CPU.ActiveCfg = Release|Any CPU
		{3650CAAF-111D-4E4E-9F1E-8CDDFD346B8D}.Release|Any CPU.Build.0 = Release|Any CPU
		{97345E3D-CA22-4848-AD99-D1C494F55F5B}.Debug|Any CPU.ActiveCfg = Debug|Any CPU
		{97345E3D-CA22-4848-AD99-D1C494F55F5B}.Debug|Any CPU.Build.0 = Debug|Any CPU
		{97345E3D-CA22-4848-AD99-D1C494F55F5B}.Release|Any CPU.ActiveCfg = Release|Any CPU
		{97345E3D-CA22-4848-AD99-D1C494F55F5B}.Release|Any CPU.Build.0 = Release|Any CPU
	EndGlobalSection
	GlobalSection(SolutionProperties) = preSolution
		HideSolutionNode = FALSE
	EndGlobalSection
	GlobalSection(ExtensibilityGlobals) = postSolution
		SolutionGuid = {351B7851-5AF0-4C75-A30A-F0BA5DA77F4B}
	EndGlobalSection
EndGlobal
