
Microsoft Visual Studio Solution File, Format Version 12.00
# Visual Studio Version 17
VisualStudioVersion = 17.6.33712.159
MinimumVisualStudioVersion = 10.0.40219.1
Project("{9A19103F-16F7-4668-BE54-9A1E7A4F7556}") = "TruyenHakuAPI", "TruyenHakuAPI\TruyenHakuAPI.csproj", "{181412D6-5706-4A5C-BB60-A6D335EA6E34}"
EndProject
Project("{9A19103F-16F7-4668-BE54-9A1E7A4F7556}") = "TruyenHakuBusiness", "TruyenHakuBusiness\TruyenHakuBusiness.csproj", "{775C585E-2791-4517-8A19-8C937D3F766C}"
EndProject
Project("{9A19103F-16F7-4668-BE54-9A1E7A4F7556}") = "TruyenHakuCommon", "TruyenHakuCommon\TruyenHakuCommon.csproj", "{EF291E86-9048-4DC9-8EF3-F253988BF336}"
EndProject
Project("{9A19103F-16F7-4668-BE54-9A1E7A4F7556}") = "TruyenHakuModels", "TruyenHakuModels\TruyenHakuModels.csproj", "{3255CCD2-54C7-4D19-87E9-F3A5435A5BA7}"
EndProject
Global
	GlobalSection(SolutionConfigurationPlatforms) = preSolution
		Debug|Any CPU = Debug|Any CPU
		Release|Any CPU = Release|Any CPU
	EndGlobalSection
	GlobalSection(ProjectConfigurationPlatforms) = postSolution
		{181412D6-5706-4A5C-BB60-A6D335EA6E34}.Debug|Any CPU.ActiveCfg = Debug|Any CPU
		{181412D6-5706-4A5C-BB60-A6D335EA6E34}.Debug|Any CPU.Build.0 = Debug|Any CPU
		{181412D6-5706-4A5C-BB60-A6D335EA6E34}.Release|Any CPU.ActiveCfg = Release|Any CPU
		{181412D6-5706-4A5C-BB60-A6D335EA6E34}.Release|Any CPU.Build.0 = Release|Any CPU
		{775C585E-2791-4517-8A19-8C937D3F766C}.Debug|Any CPU.ActiveCfg = Debug|Any CPU
		{775C585E-2791-4517-8A19-8C937D3F766C}.Debug|Any CPU.Build.0 = Debug|Any CPU
		{775C585E-2791-4517-8A19-8C937D3F766C}.Release|Any CPU.ActiveCfg = Release|Any CPU
		{775C585E-2791-4517-8A19-8C937D3F766C}.Release|Any CPU.Build.0 = Release|Any CPU
		{EF291E86-9048-4DC9-8EF3-F253988BF336}.Debug|Any CPU.ActiveCfg = Debug|Any CPU
		{EF291E86-9048-4DC9-8EF3-F253988BF336}.Debug|Any CPU.Build.0 = Debug|Any CPU
		{EF291E86-9048-4DC9-8EF3-F253988BF336}.Release|Any CPU.ActiveCfg = Release|Any CPU
		{EF291E86-9048-4DC9-8EF3-F253988BF336}.Release|Any CPU.Build.0 = Release|Any CPU
		{3255CCD2-54C7-4D19-87E9-F3A5435A5BA7}.Debug|Any CPU.ActiveCfg = Debug|Any CPU
		{3255CCD2-54C7-4D19-87E9-F3A5435A5BA7}.Debug|Any CPU.Build.0 = Debug|Any CPU
		{3255CCD2-54C7-4D19-87E9-F3A5435A5BA7}.Release|Any CPU.ActiveCfg = Release|Any CPU
		{3255CCD2-54C7-4D19-87E9-F3A5435A5BA7}.Release|Any CPU.Build.0 = Release|Any CPU
	EndGlobalSection
	GlobalSection(SolutionProperties) = preSolution
		HideSolutionNode = FALSE
	EndGlobalSection
	GlobalSection(ExtensibilityGlobals) = postSolution
		SolutionGuid = {351B7851-5AF0-4C75-A30A-F0BA5DA77F4B}
	EndGlobalSection
EndGlobal
